{
  "object": {
    "pins": [
      {
        "package": "SomnifyDependencies",
        "repositoryURL": "https://github.com/Somnify/Dependencies.git",
        "state": {
          "branch": null,
          "revision": "1b0b535039d06fdc29e9e06df4cef131a0af8324",
          "version": "1.2.0"
        }
      }
    ]
  },
  "version": 1
}
